{
  "version": 2,
  "dependencies": {
    "net10.0": {
      "Microsoft.NET.ILLink.Tasks": {
        "type": "Direct",
        "requested": "[10.0.11, )",
        "resolved": "10.0.11",
        "contentHash": "IBf7lbovvjGWVWXZX5cJ/cO0WXbId0Zq4BuSeT94mGZuOAP66oMeH9PTBZ9Jpp3Jb6jtK0qm/NyUbPRo1gC/wQ=="
      },
      "System.IO.Hashing": {
        "type": "Transitive",
        "resolved": "10.0.10",
        "contentHash": "eE839zyWZD/UBZYzP2lu9fhHX6RWe63/jz3Jxf+JumzO/db+Vc2s7CMiDwxk9ti2NTUft2tdRx31Rw2OjKbecA=="
      },
      "System.Numerics.Tensors": {
        "type": "Transitive",
        "resolved": "10.0.10",
        "contentHash": "9Ildb4Y9maDztB0ZRGxsNShbpCQ2Tjv2dr4IjskBxpTGhH7aIz1+oC+Hl833ASs/htWwsH6myNe+sRpeyCzeMQ=="
      },
      "couplet.application": {
        "type": "Project",
        "dependencies": {
          "Couplet.Core": "[0.1.0, )"
        }
      },
      "couplet.core": {
        "type": "Project"
      },
      "couplet.infrastructure.sonnetdb": {
        "type": "Project",
        "dependencies": {
          "Couplet.Application": "[0.1.0, )",
          "Couplet.Core": "[0.1.0, )",
          "SonnetDB.Core": "[3.1.0, )"
        }
      },
      "SonnetDB.Core": {
        "type": "CentralTransitive",
        "requested": "[3.1.0, )",
        "resolved": "3.1.0",
        "contentHash": "P89D121WOTVXDrxMlz/bP+jERu3NpBdTlkyh6sEjZkN0QYR3nDcNGW4Oj579n684/2y1ui6vi/6M/F5CAa9m9Q==",
        "dependencies": {
          "System.IO.Hashing": "10.0.10",
          "System.Numerics.Tensors": "10.0.10"
        }
      }
    }
  }
}